// !$*UTF8*$!
{
	archiveVersion = 1;
	classes = {
	};
	objectVersion = 55;
	objects = {

/* Begin PBXBuildFile section */
		70E8AC5927B29C8B00ABBAD1 /* AppDelegate.swift in Sources */ = {isa = PBXBuildFile; fileRef = 70E8AC5827B29C8B00ABBAD1 /* AppDelegate.swift */; };
		70E8AC5B27B29C8B00ABBAD1 /* SceneDelegate.swift in Sources */ = {isa = PBXBuildFile; fileRef = 70E8AC5A27B29C8B00ABBAD1 /* SceneDelegate.swift */; };
		70E8AC6027B29C8B00ABBAD1 /* Main.storyboard in Resources */ = {isa = PBXBuildFile; fileRef = 70E8AC5E27B29C8B00ABBAD1 /* Main.storyboard */; };
		70E8AC6327B29C8B00ABBAD1 /* Challenge2.xcdatamodeld in Sources */ = {isa = PBXBuildFile; fileRef = 70E8AC6127B29C8B00ABBAD1 /* Challenge2.xcdatamodeld */; };
		70E8AC6527B29C8D00ABBAD1 /* Assets.xcassets in Resources */ = {isa = PBXBuildFile; fileRef = 70E8AC6427B29C8D00ABBAD1 /* Assets.xcassets */; };
		70E8AC6827B29C8D00ABBAD1 /* LaunchScreen.storyboard in Resources */ = {isa = PBXBuildFile; fileRef = 70E8AC6627B29C8D00ABBAD1 /* LaunchScreen.storyboard */; };
		70E8AC7327B29C8E00ABBAD1 /* Challenge2Tests.swift in Sources */ = {isa = PBXBuildFile; fileRef = 70E8AC7227B29C8E00ABBAD1 /* Challenge2Tests.swift */; };
		70E8AC7D27B29C8E00ABBAD1 /* Challenge2UITests.swift in Sources */ = {isa = PBXBuildFile; fileRef = 70E8AC7C27B29C8E00ABBAD1 /* Challenge2UITests.swift */; };
		70E8AC7F27B29C8E00ABBAD1 /* Challenge2UITestsLaunchTests.swift in Sources */ = {isa = PBXBuildFile; fileRef = 70E8AC7E27B29C8E00ABBAD1 /* Challenge2UITestsLaunchTests.swift */; };
		70E8AC9A27B29F1500ABBAD1 /* HomeScreenControllerViewModel.swift in Sources */ = {isa = PBXBuildFile; fileRef = 70E8AC9927B29F1500ABBAD1 /* HomeScreenControllerViewModel.swift */; };
		70E8AC9C27B29F3E00ABBAD1 /* HomeScreenViewController.swift in Sources */ = {isa = PBXBuildFile; fileRef = 70E8AC9B27B29F3E00ABBAD1 /* HomeScreenViewController.swift */; };
		70E8AC9F27B2A45900ABBAD1 /* CharactersModel.swift in Sources */ = {isa = PBXBuildFile; fileRef = 70E8AC9E27B2A45900ABBAD1 /* CharactersModel.swift */; };
		70E8ACA227B2A9BE00ABBAD1 /* CharacterCardTVCell.swift in Sources */ = {isa = PBXBuildFile; fileRef = 70E8ACA127B2A9BE00ABBAD1 /* CharacterCardTVCell.swift */; };
		70E8ACA527B2B1E700ABBAD1 /* Extensions.swift in Sources */ = {isa = PBXBuildFile; fileRef = 70E8ACA427B2B1E700ABBAD1 /* Extensions.swift */; };
		70E8ACA727B2B1F300ABBAD1 /* Utilities.swift in Sources */ = {isa = PBXBuildFile; fileRef = 70E8ACA627B2B1F300ABBAD1 /* Utilities.swift */; };
		70E8ACAC27B2B85800ABBAD1 /* Characters+CoreDataClass.swift in Sources */ = {isa = PBXBuildFile; fileRef = 70E8ACAA27B2B85800ABBAD1 /* Characters+CoreDataClass.swift */; };
		70E8ACAD27B2B85800ABBAD1 /* Characters+CoreDataProperties.swift in Sources */ = {isa = PBXBuildFile; fileRef = 70E8ACAB27B2B85800ABBAD1 /* Characters+CoreDataProperties.swift */; };
		70E8ACB027B2C58E00ABBAD1 /* FullScreenImageViewController.swift in Sources */ = {isa = PBXBuildFile; fileRef = 70E8ACAF27B2C58E00ABBAD1 /* FullScreenImageViewController.swift */; };
/* End PBXBuildFile section */

/* Begin PBXContainerItemProxy section */
		70E8AC6F27B29C8E00ABBAD1 /* PBXContainerItemProxy */ = {
			isa = PBXContainerItemProxy;
			containerPortal = 70E8AC4D27B29C8B00ABBAD1 /* Project object */;
			proxyType = 1;
			remoteGlobalIDString = 70E8AC5427B29C8B00ABBAD1;
			remoteInfo = Challenge2;
		};
		70E8AC7927B29C8E00ABBAD1 /* PBXContainerItemProxy */ = {
			isa = PBXContainerItemProxy;
			containerPortal = 70E8AC4D27B29C8B00ABBAD1 /* Project object */;
			proxyType = 1;
			remoteGlobalIDString = 70E8AC5427B29C8B00ABBAD1;
			remoteInfo = Challenge2;
		};
/* End PBXContainerItemProxy section */

/* Begin PBXFileReference section */
		70E8AC5527B29C8B00ABBAD1 /* Challenge2.app */ = {isa = PBXFileReference; explicitFileType = wrapper.application; includeInIndex = 0; path = Challenge2.app; sourceTree = BUILT_PRODUCTS_DIR; };
		70E8AC5827B29C8B00ABBAD1 /* AppDelegate.swift */ = {isa = PBXFileReference; lastKnownFileType = sourcecode.swift; path = AppDelegate.swift; sourceTree = "<group>"; };
		70E8AC5A27B29C8B00ABBAD1 /* SceneDelegate.swift */ = {isa = PBXFileReference; lastKnownFileType = sourcecode.swift; path = SceneDelegate.swift; sourceTree = "<group>"; };
		70E8AC5F27B29C8B00ABBAD1 /* Base */ = {isa = PBXFileReference; lastKnownFileType = file.storyboard; name = Base; path = Base.lproj/Main.storyboard; sourceTree = "<group>"; };
		70E8AC6227B29C8B00ABBAD1 /* Challenge2.xcdatamodel */ = {isa = PBXFileReference; lastKnownFileType = wrapper.xcdatamodel; path = Challenge2.xcdatamodel; sourceTree = "<group>"; };
		70E8AC6427B29C8D00ABBAD1 /* Assets.xcassets */ = {isa = PBXFileReference; lastKnownFileType = folder.assetcatalog; path = Assets.xcassets; sourceTree = "<group>"; };
		70E8AC6727B29C8D00ABBAD1 /* Base */ = {isa = PBXFileReference; lastKnownFileType = file.storyboard; name = Base; path = Base.lproj/LaunchScreen.storyboard; sourceTree = "<group>"; };
		70E8AC6927B29C8D00ABBAD1 /* Info.plist */ = {isa = PBXFileReference; lastKnownFileType = text.plist.xml; path = Info.plist; sourceTree = "<group>"; };
		70E8AC6E27B29C8E00ABBAD1 /* Challenge2Tests.xctest */ = {isa = PBXFileReference; explicitFileType = wrapper.cfbundle; includeInIndex = 0; path = Challenge2Tests.xctest; sourceTree = BUILT_PRODUCTS_DIR; };
		70E8AC7227B29C8E00ABBAD1 /* Challenge2Tests.swift */ = {isa = PBXFileReference; lastKnownFileType = sourcecode.swift; path = Challenge2Tests.swift; sourceTree = "<group>"; };
		70E8AC7827B29C8E00ABBAD1 /* Challenge2UITests.xctest */ = {isa = PBXFileReference; explicitFileType = wrapper.cfbundle; includeInIndex = 0; path = Challenge2UITests.xctest; sourceTree = BUILT_PRODUCTS_DIR; };
		70E8AC7C27B29C8E00ABBAD1 /* Challenge2UITests.swift */ = {isa = PBXFileReference; lastKnownFileType = sourcecode.swift; path = Challenge2UITests.swift; sourceTree = "<group>"; };
		70E8AC7E27B29C8E00ABBAD1 /* Challenge2UITestsLaunchTests.swift */ = {isa = PBXFileReference; lastKnownFileType = sourcecode.swift; path = Challenge2UITestsLaunchTests.swift; sourceTree = "<group>"; };
		70E8AC9927B29F1500ABBAD1 /* HomeScreenControllerViewModel.swift */ = {isa = PBXFileReference; lastKnownFileType = sourcecode.swift; path = HomeScreenControllerViewModel.swift; sourceTree = "<group>"; };
		70E8AC9B27B29F3E00ABBAD1 /* HomeScreenViewController.swift */ = {isa = PBXFileReference; lastKnownFileType = sourcecode.swift; path = HomeScreenViewController.swift; sourceTree = "<group>"; };
		70E8AC9E27B2A45900ABBAD1 /* CharactersModel.swift */ = {isa = PBXFileReference; lastKnownFileType = sourcecode.swift; path = CharactersModel.swift; sourceTree = "<group>"; };
		70E8ACA127B2A9BE00ABBAD1 /* CharacterCardTVCell.swift */ = {isa = PBXFileReference; lastKnownFileType = sourcecode.swift; path = CharacterCardTVCell.swift; sourceTree = "<group>"; };
		70E8ACA427B2B1E700ABBAD1 /* Extensions.swift */ = {isa = PBXFileReference; lastKnownFileType = sourcecode.swift; path = Extensions.swift; sourceTree = "<group>"; };
		70E8ACA627B2B1F300ABBAD1 /* Utilities.swift */ = {isa = PBXFileReference; lastKnownFileType = sourcecode.swift; path = Utilities.swift; sourceTree = "<group>"; };
		70E8ACAA27B2B85800ABBAD1 /* Characters+CoreDataClass.swift */ = {isa = PBXFileReference; lastKnownFileType = sourcecode.swift; path = "Characters+CoreDataClass.swift"; sourceTree = "<group>"; };
		70E8ACAB27B2B85800ABBAD1 /* Characters+CoreDataProperties.swift */ = {isa = PBXFileReference; lastKnownFileType = sourcecode.swift; path = "Characters+CoreDataProperties.swift"; sourceTree = "<group>"; };
		70E8ACAF27B2C58E00ABBAD1 /* FullScreenImageViewController.swift */ = {isa = PBXFileReference; lastKnownFileType = sourcecode.swift; path = FullScreenImageViewController.swift; sourceTree = "<group>"; };
/* End PBXFileReference section */

/* Begin PBXFrameworksBuildPhase section */
		70E8AC5227B29C8B00ABBAD1 /* Frameworks */ = {
			isa = PBXFrameworksBuildPhase;
			buildActionMask = 2147483647;
			files = (
			);
			runOnlyForDeploymentPostprocessing = 0;
		};
		70E8AC6B27B29C8E00ABBAD1 /* Frameworks */ = {
			isa = PBXFrameworksBuildPhase;
			buildActionMask = 2147483647;
			files = (
			);
			runOnlyForDeploymentPostprocessing = 0;
		};
		70E8AC7527B29C8E00ABBAD1 /* Frameworks */ = {
			isa = PBXFrameworksBuildPhase;
			buildActionMask = 2147483647;
			files = (
			);
			runOnlyForDeploymentPostprocessing = 0;
		};
/* End PBXFrameworksBuildPhase section */

/* Begin PBXGroup section */
		70E8AC4C27B29C8B00ABBAD1 = {
			isa = PBXGroup;
			children = (
				70E8AC5727B29C8B00ABBAD1 /* Challenge2 */,
				70E8AC7127B29C8E00ABBAD1 /* Challenge2Tests */,
				70E8AC7B27B29C8E00ABBAD1 /* Challenge2UITests */,
				70E8AC5627B29C8B00ABBAD1 /* Products */,
			);
			sourceTree = "<group>";
		};
		70E8AC5627B29C8B00ABBAD1 /* Products */ = {
			isa = PBXGroup;
			children = (
				70E8AC5527B29C8B00ABBAD1 /* Challenge2.app */,
				70E8AC6E27B29C8E00ABBAD1 /* Challenge2Tests.xctest */,
				70E8AC7827B29C8E00ABBAD1 /* Challenge2UITests.xctest */,
			);
			name = Products;
			sourceTree = "<group>";
		};
		70E8AC5727B29C8B00ABBAD1 /* Challenge2 */ = {
			isa = PBXGroup;
			children = (
				70E8AC6427B29C8D00ABBAD1 /* Assets.xcassets */,
				70E8ACA327B2B1D500ABBAD1 /* Utilities */,
				70E8ACAE27B2C53200ABBAD1 /* FullScreenImageViewController */,
				70E8AC9D27B29F6F00ABBAD1 /* HomeScreen */,
				70E8AC9727B29E7300ABBAD1 /* BaseFiles */,
				70E8AC9827B29E9400ABBAD1 /* CoreDataManager */,
				70E8AC9327B29E2100ABBAD1 /* View */,
				70E8AC6927B29C8D00ABBAD1 /* Info.plist */,
			);
			path = Challenge2;
			sourceTree = "<group>";
		};
		70E8AC7127B29C8E00ABBAD1 /* Challenge2Tests */ = {
			isa = PBXGroup;
			children = (
				70E8AC7227B29C8E00ABBAD1 /* Challenge2Tests.swift */,
			);
			path = Challenge2Tests;
			sourceTree = "<group>";
		};
		70E8AC7B27B29C8E00ABBAD1 /* Challenge2UITests */ = {
			isa = PBXGroup;
			children = (
				70E8AC7C27B29C8E00ABBAD1 /* Challenge2UITests.swift */,
				70E8AC7E27B29C8E00ABBAD1 /* Challenge2UITestsLaunchTests.swift */,
			);
			path = Challenge2UITests;
			sourceTree = "<group>";
		};
		70E8AC9327B29E2100ABBAD1 /* View */ = {
			isa = PBXGroup;
			children = (
				70E8AC5E27B29C8B00ABBAD1 /* Main.storyboard */,
				70E8AC6627B29C8D00ABBAD1 /* LaunchScreen.storyboard */,
			);
			path = View;
			sourceTree = "<group>";
		};
		70E8AC9427B29E2900ABBAD1 /* ViewModel */ = {
			isa = PBXGroup;
			children = (
				70E8AC9927B29F1500ABBAD1 /* HomeScreenControllerViewModel.swift */,
			);
			path = ViewModel;
			sourceTree = "<group>";
		};
		70E8AC9527B29E4B00ABBAD1 /* Controller */ = {
			isa = PBXGroup;
			children = (
				70E8AC9B27B29F3E00ABBAD1 /* HomeScreenViewController.swift */,
			);
			path = Controller;
			sourceTree = "<group>";
		};
		70E8AC9627B29E6000ABBAD1 /* Model */ = {
			isa = PBXGroup;
			children = (
				70E8AC9E27B2A45900ABBAD1 /* CharactersModel.swift */,
			);
			path = Model;
			sourceTree = "<group>";
		};
		70E8AC9727B29E7300ABBAD1 /* BaseFiles */ = {
			isa = PBXGroup;
			children = (
				70E8AC5827B29C8B00ABBAD1 /* AppDelegate.swift */,
				70E8AC5A27B29C8B00ABBAD1 /* SceneDelegate.swift */,
			);
			path = BaseFiles;
			sourceTree = "<group>";
		};
		70E8AC9827B29E9400ABBAD1 /* CoreDataManager */ = {
			isa = PBXGroup;
			children = (
				70E8ACAA27B2B85800ABBAD1 /* Characters+CoreDataClass.swift */,
				70E8ACAB27B2B85800ABBAD1 /* Characters+CoreDataProperties.swift */,
				70E8AC6127B29C8B00ABBAD1 /* Challenge2.xcdatamodeld */,
			);
			path = CoreDataManager;
			sourceTree = "<group>";
		};
		70E8AC9D27B29F6F00ABBAD1 /* HomeScreen */ = {
			isa = PBXGroup;
			children = (
				70E8AC9427B29E2900ABBAD1 /* ViewModel */,
				70E8AC9527B29E4B00ABBAD1 /* Controller */,
				70E8ACA027B2A9A500ABBAD1 /* View */,
				70E8AC9627B29E6000ABBAD1 /* Model */,
			);
			path = HomeScreen;
			sourceTree = "<group>";
		};
		70E8ACA027B2A9A500ABBAD1 /* View */ = {
			isa = PBXGroup;
			children = (
				70E8ACA127B2A9BE00ABBAD1 /* CharacterCardTVCell.swift */,
			);
			path = View;
			sourceTree = "<group>";
		};
		70E8ACA327B2B1D500ABBAD1 /* Utilities */ = {
			isa = PBXGroup;
			children = (
				70E8ACA427B2B1E700ABBAD1 /* Extensions.swift */,
				70E8ACA627B2B1F300ABBAD1 /* Utilities.swift */,
			);
			path = Utilities;
			sourceTree = "<group>";
		};
		70E8ACAE27B2C53200ABBAD1 /* FullScreenImageViewController */ = {
			isa = PBXGroup;
			children = (
				70E8ACAF27B2C58E00ABBAD1 /* FullScreenImageViewController.swift */,
			);
			path = FullScreenImageViewController;
			sourceTree = "<group>";
		};
/* End PBXGroup section */

/* Begin PBXNativeTarget section */
		70E8AC5427B29C8B00ABBAD1 /* Challenge2 */ = {
			isa = PBXNativeTarget;
			buildConfigurationList = 70E8AC8227B29C8E00ABBAD1 /* Build configuration list for PBXNativeTarget "Challenge2" */;
			buildPhases = (
				70E8AC5127B29C8B00ABBAD1 /* Sources */,
				70E8AC5227B29C8B00ABBAD1 /* Frameworks */,
				70E8AC5327B29C8B00ABBAD1 /* Resources */,
			);
			buildRules = (
			);
			dependencies = (
			);
			name = Challenge2;
			productName = Challenge2;
			productReference = 70E8AC5527B29C8B00ABBAD1 /* Challenge2.app */;
			productType = "com.apple.product-type.application";
		};
		70E8AC6D27B29C8E00ABBAD1 /* Challenge2Tests */ = {
			isa = PBXNativeTarget;
			buildConfigurationList = 70E8AC8527B29C8E00ABBAD1 /* Build configuration list for PBXNativeTarget "Challenge2Tests" */;
			buildPhases = (
				70E8AC6A27B29C8E00ABBAD1 /* Sources */,
				70E8AC6B27B29C8E00ABBAD1 /* Frameworks */,
				70E8AC6C27B29C8E00ABBAD1 /* Resources */,
			);
			buildRules = (
			);
			dependencies = (
				70E8AC7027B29C8E00ABBAD1 /* PBXTargetDependency */,
			);
			name = Challenge2Tests;
			productName = Challenge2Tests;
			productReference = 70E8AC6E27B29C8E00ABBAD1 /* Challenge2Tests.xctest */;
			productType = "com.apple.product-type.bundle.unit-test";
		};
		70E8AC7727B29C8E00ABBAD1 /* Challenge2UITests */ = {
			isa = PBXNativeTarget;
			buildConfigurationList = 70E8AC8827B29C8E00ABBAD1 /* Build configuration list for PBXNativeTarget "Challenge2UITests" */;
			buildPhases = (
				70E8AC7427B29C8E00ABBAD1 /* Sources */,
				70E8AC7527B29C8E00ABBAD1 /* Frameworks */,
				70E8AC7627B29C8E00ABBAD1 /* Resources */,
			);
			buildRules = (
			);
			dependencies = (
				70E8AC7A27B29C8E00ABBAD1 /* PBXTargetDependency */,
			);
			name = Challenge2UITests;
			productName = Challenge2UITests;
			productReference = 70E8AC7827B29C8E00ABBAD1 /* Challenge2UITests.xctest */;
			productType = "com.apple.product-type.bundle.ui-testing";
		};
/* End PBXNativeTarget section */

/* Begin PBXProject section */
		70E8AC4D27B29C8B00ABBAD1 /* Project object */ = {
			isa = PBXProject;
			attributes = {
				BuildIndependentTargetsInParallel = 1;
				LastSwiftUpdateCheck = 1330;
				LastUpgradeCheck = 1330;
				TargetAttributes = {
					70E8AC5427B29C8B00ABBAD1 = {
						CreatedOnToolsVersion = 13.3;
					};
					70E8AC6D27B29C8E00ABBAD1 = {
						CreatedOnToolsVersion = 13.3;
						TestTargetID = 70E8AC5427B29C8B00ABBAD1;
					};
					70E8AC7727B29C8E00ABBAD1 = {
						CreatedOnToolsVersion = 13.3;
						TestTargetID = 70E8AC5427B29C8B00ABBAD1;
					};
				};
			};
			buildConfigurationList = 70E8AC5027B29C8B00ABBAD1 /* Build configuration list for PBXProject "Challenge2" */;
			compatibilityVersion = "Xcode 13.0";
			developmentRegion = en;
			hasScannedForEncodings = 0;
			knownRegions = (
				en,
				Base,
			);
			mainGroup = 70E8AC4C27B29C8B00ABBAD1;
			productRefGroup = 70E8AC5627B29C8B00ABBAD1 /* Products */;
			projectDirPath = "";
			projectRoot = "";
			targets = (
				70E8AC5427B29C8B00ABBAD1 /* Challenge2 */,
				70E8AC6D27B29C8E00ABBAD1 /* Challenge2Tests */,
				70E8AC7727B29C8E00ABBAD1 /* Challenge2UITests */,
			);
		};
/* End PBXProject section */

/* Begin PBXResourcesBuildPhase section */
		70E8AC5327B29C8B00ABBAD1 /* Resources */ = {
			isa = PBXResourcesBuildPhase;
			buildActionMask = 2147483647;
			files = (
				70E8AC6827B29C8D00ABBAD1 /* LaunchScreen.storyboard in Resources */,
				70E8AC6527B29C8D00ABBAD1 /* Assets.xcassets in Resources */,
				70E8AC6027B29C8B00ABBAD1 /* Main.storyboard in Resources */,
			);
			runOnlyForDeploymentPostprocessing = 0;
		};
		70E8AC6C27B29C8E00ABBAD1 /* Resources */ = {
			isa = PBXResourcesBuildPhase;
			buildActionMask = 2147483647;
			files = (
			);
			runOnlyForDeploymentPostprocessing = 0;
		};
		70E8AC7627B29C8E00ABBAD1 /* Resources */ = {
			isa = PBXResourcesBuildPhase;
			buildActionMask = 2147483647;
			files = (
			);
			runOnlyForDeploymentPostprocessing = 0;
		};
/* End PBXResourcesBuildPhase section */

/* Begin PBXSourcesBuildPhase section */
		70E8AC5127B29C8B00ABBAD1 /* Sources */ = {
			isa = PBXSourcesBuildPhase;
			buildActionMask = 2147483647;
			files = (
				70E8AC6327B29C8B00ABBAD1 /* Challenge2.xcdatamodeld in Sources */,
				70E8AC9F27B2A45900ABBAD1 /* CharactersModel.swift in Sources */,
				70E8AC9A27B29F1500ABBAD1 /* HomeScreenControllerViewModel.swift in Sources */,
				70E8AC9C27B29F3E00ABBAD1 /* HomeScreenViewController.swift in Sources */,
				70E8AC5927B29C8B00ABBAD1 /* AppDelegate.swift in Sources */,
				70E8ACA727B2B1F300ABBAD1 /* Utilities.swift in Sources */,
				70E8ACA527B2B1E700ABBAD1 /* Extensions.swift in Sources */,
				70E8ACAC27B2B85800ABBAD1 /* Characters+CoreDataClass.swift in Sources */,
				70E8AC5B27B29C8B00ABBAD1 /* SceneDelegate.swift in Sources */,
				70E8ACAD27B2B85800ABBAD1 /* Characters+CoreDataProperties.swift in Sources */,
				70E8ACA227B2A9BE00ABBAD1 /* CharacterCardTVCell.swift in Sources */,
				70E8ACB027B2C58E00ABBAD1 /* FullScreenImageViewController.swift in Sources */,
			);
			runOnlyForDeploymentPostprocessing = 0;
		};
		70E8AC6A27B29C8E00ABBAD1 /* Sources */ = {
			isa = PBXSourcesBuildPhase;
			buildActionMask = 2147483647;
			files = (
				70E8AC7327B29C8E00ABBAD1 /* Challenge2Tests.swift in Sources */,
			);
			runOnlyForDeploymentPostprocessing = 0;
		};
		70E8AC7427B29C8E00ABBAD1 /* Sources */ = {
			isa = PBXSourcesBuildPhase;
			buildActionMask = 2147483647;
			files = (
				70E8AC7D27B29C8E00ABBAD1 /* Challenge2UITests.swift in Sources */,
				70E8AC7F27B29C8E00ABBAD1 /* Challenge2UITestsLaunchTests.swift in Sources */,
			);
			runOnlyForDeploymentPostprocessing = 0;
		};
/* End PBXSourcesBuildPhase section */

/* Begin PBXTargetDependency section */
		70E8AC7027B29C8E00ABBAD1 /* PBXTargetDependency */ = {
			isa = PBXTargetDependency;
			target = 70E8AC5427B29C8B00ABBAD1 /* Challenge2 */;
			targetProxy = 70E8AC6F27B29C8E00ABBAD1 /* PBXContainerItemProxy */;
		};
		70E8AC7A27B29C8E00ABBAD1 /* PBXTargetDependency */ = {
			isa = PBXTargetDependency;
			target = 70E8AC5427B29C8B00ABBAD1 /* Challenge2 */;
			targetProxy = 70E8AC7927B29C8E00ABBAD1 /* PBXContainerItemProxy */;
		};
/* End PBXTargetDependency section */

/* Begin PBXVariantGroup section */
		70E8AC5E27B29C8B00ABBAD1 /* Main.storyboard */ = {
			isa = PBXVariantGroup;
			children = (
				70E8AC5F27B29C8B00ABBAD1 /* Base */,
			);
			name = Main.storyboard;
			sourceTree = "<group>";
		};
		70E8AC6627B29C8D00ABBAD1 /* LaunchScreen.storyboard */ = {
			isa = PBXVariantGroup;
			children = (
				70E8AC6727B29C8D00ABBAD1 /* Base */,
			);
			name = LaunchScreen.storyboard;
			sourceTree = "<group>";
		};
/* End PBXVariantGroup section */

/* Begin XCBuildConfiguration section */
		70E8AC8027B29C8E00ABBAD1 /* Debug */ = {
			isa = XCBuildConfiguration;
			buildSettings = {
				ALWAYS_SEARCH_USER_PATHS = NO;
				CLANG_ANALYZER_NONNULL = YES;
				CLANG_ANALYZER_NUMBER_OBJECT_CONVERSION = YES_AGGRESSIVE;
				CLANG_CXX_LANGUAGE_STANDARD = "gnu++17";
				CLANG_ENABLE_MODULES = YES;
				CLANG_ENABLE_OBJC_ARC = YES;
				CLANG_ENABLE_OBJC_WEAK = YES;
				CLANG_WARN_BLOCK_CAPTURE_AUTORELEASING = YES;
				CLANG_WARN_BOOL_CONVERSION = YES;
				CLANG_WARN_COMMA = YES;
				CLANG_WARN_CONSTANT_CONVERSION = YES;
				CLANG_WARN_DEPRECATED_OBJC_IMPLEMENTATIONS = YES;
				CLANG_WARN_DIRECT_OBJC_ISA_USAGE = YES_ERROR;
				CLANG_WARN_DOCUMENTATION_COMMENTS = YES;
				CLANG_WARN_EMPTY_BODY = YES;
				CLANG_WARN_ENUM_CONVERSION = YES;
				CLANG_WARN_INFINITE_RECURSION = YES;
				CLANG_WARN_INT_CONVERSION = YES;
				CLANG_WARN_NON_LITERAL_NULL_CONVERSION = YES;
				CLANG_WARN_OBJC_IMPLICIT_RETAIN_SELF = YES;
				CLANG_WARN_OBJC_LITERAL_CONVERSION = YES;
				CLANG_WARN_OBJC_ROOT_CLASS = YES_ERROR;
				CLANG_WARN_QUOTED_INCLUDE_IN_FRAMEWORK_HEADER = YES;
				CLANG_WARN_RANGE_LOOP_ANALYSIS = YES;
				CLANG_WARN_STRICT_PROTOTYPES = YES;
				CLANG_WARN_SUSPICIOUS_MOVE = YES;
				CLANG_WARN_UNGUARDED_AVAILABILITY = YES_AGGRESSIVE;
				CLANG_WARN_UNREACHABLE_CODE = YES;
				CLANG_WARN__DUPLICATE_METHOD_MATCH = YES;
				COPY_PHASE_STRIP = NO;
				DEBUG_INFORMATION_FORMAT = dwarf;
				ENABLE_STRICT_OBJC_MSGSEND = YES;
				ENABLE_TESTABILITY = YES;
				GCC_C_LANGUAGE_STANDARD = gnu11;
				GCC_DYNAMIC_NO_PIC = NO;
				GCC_NO_COMMON_BLOCKS = YES;
				GCC_OPTIMIZATION_LEVEL = 0;
				GCC_PREPROCESSOR_DEFINITIONS = (
					"DEBUG=1",
					"$(inherited)",
				);
				GCC_WARN_64_TO_32_BIT_CONVERSION = YES;
				GCC_WARN_ABOUT_RETURN_TYPE = YES_ERROR;
				GCC_WARN_UNDECLARED_SELECTOR = YES;
				GCC_WARN_UNINITIALIZED_AUTOS = YES_AGGRESSIVE;
				GCC_WARN_UNUSED_FUNCTION = YES;
				GCC_WARN_UNUSED_VARIABLE = YES;
				IPHONEOS_DEPLOYMENT_TARGET = 15.4;
				MTL_ENABLE_DEBUG_INFO = INCLUDE_SOURCE;
				MTL_FAST_MATH = YES;
				ONLY_ACTIVE_ARCH = YES;
				SDKROOT = iphoneos;
				SWIFT_ACTIVE_COMPILATION_CONDITIONS = DEBUG;
				SWIFT_OPTIMIZATION_LEVEL = "-Onone";
			};
			name = Debug;
		};
		70E8AC8127B29C8E00ABBAD1 /* Release */ = {
			isa = XCBuildConfiguration;
			buildSettings = {
				ALWAYS_SEARCH_USER_PATHS = NO;
				CLANG_ANALYZER_NONNULL = YES;
				CLANG_ANALYZER_NUMBER_OBJECT_CONVERSION = YES_AGGRESSIVE;
				CLANG_CXX_LANGUAGE_STANDARD = "gnu++17";
				CLANG_ENABLE_MODULES = YES;
				CLANG_ENABLE_OBJC_ARC = YES;
				CLANG_ENABLE_OBJC_WEAK = YES;
				CLANG_WARN_BLOCK_CAPTURE_AUTORELEASING = YES;
				CLANG_WARN_BOOL_CONVERSION = YES;
				CLANG_WARN_COMMA = YES;
				CLANG_WARN_CONSTANT_CONVERSION = YES;
				CLANG_WARN_DEPRECATED_OBJC_IMPLEMENTATIONS = YES;
				CLANG_WARN_DIRECT_OBJC_ISA_USAGE = YES_ERROR;
				CLANG_WARN_DOCUMENTATION_COMMENTS = YES;
				CLANG_WARN_EMPTY_BODY = YES;
				CLANG_WARN_ENUM_CONVERSION = YES;
				CLANG_WARN_INFINITE_RECURSION = YES;
				CLANG_WARN_INT_CONVERSION = YES;
				CLANG_WARN_NON_LITERAL_NULL_CONVERSION = YES;
				CLANG_WARN_OBJC_IMPLICIT_RETAIN_SELF = YES;
				CLANG_WARN_OBJC_LITERAL_CONVERSION = YES;
				CLANG_WARN_OBJC_ROOT_CLASS = YES_ERROR;
				CLANG_WARN_QUOTED_INCLUDE_IN_FRAMEWORK_HEADER = YES;
				CLANG_WARN_RANGE_LOOP_ANALYSIS = YES;
				CLANG_WARN_STRICT_PROTOTYPES = YES;
				CLANG_WARN_SUSPICIOUS_MOVE = YES;
				CLANG_WARN_UNGUARDED_AVAILABILITY = YES_AGGRESSIVE;
				CLANG_WARN_UNREACHABLE_CODE = YES;
				CLANG_WARN__DUPLICATE_METHOD_MATCH = YES;
				COPY_PHASE_STRIP = NO;
				DEBUG_INFORMATION_FORMAT = "dwarf-with-dsym";
				ENABLE_NS_ASSERTIONS = NO;
				ENABLE_STRICT_OBJC_MSGSEND = YES;
				GCC_C_LANGUAGE_STANDARD = gnu11;
				GCC_NO_COMMON_BLOCKS = YES;
				GCC_WARN_64_TO_32_BIT_CONVERSION = YES;
				GCC_WARN_ABOUT_RETURN_TYPE = YES_ERROR;
				GCC_WARN_UNDECLARED_SELECTOR = YES;
				GCC_WARN_UNINITIALIZED_AUTOS = YES_AGGRESSIVE;
				GCC_WARN_UNUSED_FUNCTION = YES;
				GCC_WARN_UNUSED_VARIABLE = YES;
				IPHONEOS_DEPLOYMENT_TARGET = 15.4;
				MTL_ENABLE_DEBUG_INFO = NO;
				MTL_FAST_MATH = YES;
				SDKROOT = iphoneos;
				SWIFT_COMPILATION_MODE = wholemodule;
				SWIFT_OPTIMIZATION_LEVEL = "-O";
				VALIDATE_PRODUCT = YES;
			};
			name = Release;
		};
		70E8AC8327B29C8E00ABBAD1 /* Debug */ = {
			isa = XCBuildConfiguration;
			buildSettings = {
				ASSETCATALOG_COMPILER_APPICON_NAME = AppIcon;
				ASSETCATALOG_COMPILER_GLOBAL_ACCENT_COLOR_NAME = AccentColor;
				CODE_SIGN_STYLE = Automatic;
				CURRENT_PROJECT_VERSION = 1;
				DEVELOPMENT_TEAM = AAXXXVN972;
				GENERATE_INFOPLIST_FILE = YES;
				INFOPLIST_FILE = Challenge2/Info.plist;
				INFOPLIST_KEY_UIApplicationSupportsIndirectInputEvents = YES;
				INFOPLIST_KEY_UILaunchStoryboardName = LaunchScreen;
				INFOPLIST_KEY_UIMainStoryboardFile = Main;
				INFOPLIST_KEY_UISupportedInterfaceOrientations_iPad = "UIInterfaceOrientationPortrait UIInterfaceOrientationPortraitUpsideDown UIInterfaceOrientationLandscapeLeft UIInterfaceOrientationLandscapeRight";
				INFOPLIST_KEY_UISupportedInterfaceOrientations_iPhone = "UIInterfaceOrientationPortrait UIInterfaceOrientationLandscapeLeft UIInterfaceOrientationLandscapeRight";
				LD_RUNPATH_SEARCH_PATHS = (
					"$(inherited)",
					"@executable_path/Frameworks",
				);
				MARKETING_VERSION = 1.0;
				PRODUCT_BUNDLE_IDENTIFIER = com.anwesh.practice.Challenge2;
				PRODUCT_NAME = "$(TARGET_NAME)";
				SWIFT_EMIT_LOC_STRINGS = YES;
				SWIFT_VERSION = 5.0;
				TARGETED_DEVICE_FAMILY = "1,2";
			};
			name = Debug;
		};
		70E8AC8427B29C8E00ABBAD1 /* Release */ = {
			isa = XCBuildConfiguration;
			buildSettings = {
				ASSETCATALOG_COMPILER_APPICON_NAME = AppIcon;
				ASSETCATALOG_COMPILER_GLOBAL_ACCENT_COLOR_NAME = AccentColor;
				CODE_SIGN_STYLE = Automatic;
				CURRENT_PROJECT_VERSION = 1;
				DEVELOPMENT_TEAM = AAXXXVN972;
				GENERATE_INFOPLIST_FILE = YES;
				INFOPLIST_FILE = Challenge2/Info.plist;
				INFOPLIST_KEY_UIApplicationSupportsIndirectInputEvents = YES;
				INFOPLIST_KEY_UILaunchStoryboardName = LaunchScreen;
				INFOPLIST_KEY_UIMainStoryboardFile = Main;
				INFOPLIST_KEY_UISupportedInterfaceOrientations_iPad = "UIInterfaceOrientationPortrait UIInterfaceOrientationPortraitUpsideDown UIInterfaceOrientationLandscapeLeft UIInterfaceOrientationLandscapeRight";
				INFOPLIST_KEY_UISupportedInterfaceOrientations_iPhone = "UIInterfaceOrientationPortrait UIInterfaceOrientationLandscapeLeft UIInterfaceOrientationLandscapeRight";
				LD_RUNPATH_SEARCH_PATHS = (
					"$(inherited)",
					"@executable_path/Frameworks",
				);
				MARKETING_VERSION = 1.0;
				PRODUCT_BUNDLE_IDENTIFIER = com.anwesh.practice.Challenge2;
				PRODUCT_NAME = "$(TARGET_NAME)";
				SWIFT_EMIT_LOC_STRINGS = YES;
				SWIFT_VERSION = 5.0;
				TARGETED_DEVICE_FAMILY = "1,2";
			};
			name = Release;
		};
		70E8AC8627B29C8E00ABBAD1 /* Debug */ = {
			isa = XCBuildConfiguration;
			buildSettings = {
				ALWAYS_EMBED_SWIFT_STANDARD_LIBRARIES = YES;
				BUNDLE_LOADER = "$(TEST_HOST)";
				CODE_SIGN_STYLE = Automatic;
				CURRENT_PROJECT_VERSION = 1;
				DEVELOPMENT_TEAM = AAXXXVN972;
				GENERATE_INFOPLIST_FILE = YES;
				IPHONEOS_DEPLOYMENT_TARGET = 15.4;
				MARKETING_VERSION = 1.0;
				PRODUCT_BUNDLE_IDENTIFIER = com.anwesh.practice.Challenge2Tests;
				PRODUCT_NAME = "$(TARGET_NAME)";
				SWIFT_EMIT_LOC_STRINGS = NO;
				SWIFT_VERSION = 5.0;
				TARGETED_DEVICE_FAMILY = "1,2";
				TEST_HOST = "$(BUILT_PRODUCTS_DIR)/Challenge2.app/Challenge2";
			};
			name = Debug;
		};
		70E8AC8727B29C8E00ABBAD1 /* Release */ = {
			isa = XCBuildConfiguration;
			buildSettings = {
				ALWAYS_EMBED_SWIFT_STANDARD_LIBRARIES = YES;
				BUNDLE_LOADER = "$(TEST_HOST)";
				CODE_SIGN_STYLE = Automatic;
				CURRENT_PROJECT_VERSION = 1;
				DEVELOPMENT_TEAM = AAXXXVN972;
				GENERATE_INFOPLIST_FILE = YES;
				IPHONEOS_DEPLOYMENT_TARGET = 15.4;
				MARKETING_VERSION = 1.0;
				PRODUCT_BUNDLE_IDENTIFIER = com.anwesh.practice.Challenge2Tests;
				PRODUCT_NAME = "$(TARGET_NAME)";
				SWIFT_EMIT_LOC_STRINGS = NO;
				SWIFT_VERSION = 5.0;
				TARGETED_DEVICE_FAMILY = "1,2";
				TEST_HOST = "$(BUILT_PRODUCTS_DIR)/Challenge2.app/Challenge2";
			};
			name = Release;
		};
		70E8AC8927B29C8E00ABBAD1 /* Debug */ = {
			isa = XCBuildConfiguration;
			buildSettings = {
				ALWAYS_EMBED_SWIFT_STANDARD_LIBRARIES = YES;
				CODE_SIGN_STYLE = Automatic;
				CURRENT_PROJECT_VERSION = 1;
				DEVELOPMENT_TEAM = AAXXXVN972;
				GENERATE_INFOPLIST_FILE = YES;
				MARKETING_VERSION = 1.0;
				PRODUCT_BUNDLE_IDENTIFIER = com.anwesh.practice.Challenge2UITests;
				PRODUCT_NAME = "$(TARGET_NAME)";
				SWIFT_EMIT_LOC_STRINGS = NO;
				SWIFT_VERSION = 5.0;
				TARGETED_DEVICE_FAMILY = "1,2";
				TEST_TARGET_NAME = Challenge2;
			};
			name = Debug;
		};
		70E8AC8A27B29C8E00ABBAD1 /* Release */ = {
			isa = XCBuildConfiguration;
			buildSettings = {
				ALWAYS_EMBED_SWIFT_STANDARD_LIBRARIES = YES;
				CODE_SIGN_STYLE = Automatic;
				CURRENT_PROJECT_VERSION = 1;
				DEVELOPMENT_TEAM = AAXXXVN972;
				GENERATE_INFOPLIST_FILE = YES;
				MARKETING_VERSION = 1.0;
				PRODUCT_BUNDLE_IDENTIFIER = com.anwesh.practice.Challenge2UITests;
				PRODUCT_NAME = "$(TARGET_NAME)";
				SWIFT_EMIT_LOC_STRINGS = NO;
				SWIFT_VERSION = 5.0;
				TARGETED_DEVICE_FAMILY = "1,2";
				TEST_TARGET_NAME = Challenge2;
			};
			name = Release;
		};
/* End XCBuildConfiguration section */

/* Begin XCConfigurationList section */
		70E8AC5027B29C8B00ABBAD1 /* Build configuration list for PBXProject "Challenge2" */ = {
			isa = XCConfigurationList;
			buildConfigurations = (
				70E8AC8027B29C8E00ABBAD1 /* Debug */,
				70E8AC8127B29C8E00ABBAD1 /* Release */,
			);
			defaultConfigurationIsVisible = 0;
			defaultConfigurationName = Release;
		};
		70E8AC8227B29C8E00ABBAD1 /* Build configuration list for PBXNativeTarget "Challenge2" */ = {
			isa = XCConfigurationList;
			buildConfigurations = (
				70E8AC8327B29C8E00ABBAD1 /* Debug */,
				70E8AC8427B29C8E00ABBAD1 /* Release */,
			);
			defaultConfigurationIsVisible = 0;
			defaultConfigurationName = Release;
		};
		70E8AC8527B29C8E00ABBAD1 /* Build configuration list for PBXNativeTarget "Challenge2Tests" */ = {
			isa = XCConfigurationList;
			buildConfigurations = (
				70E8AC8627B29C8E00ABBAD1 /* Debug */,
				70E8AC8727B29C8E00ABBAD1 /* Release */,
			);
			defaultConfigurationIsVisible = 0;
			defaultConfigurationName = Release;
		};
		70E8AC8827B29C8E00ABBAD1 /* Build configuration list for PBXNativeTarget "Challenge2UITests" */ = {
			isa = XCConfigurationList;
			buildConfigurations = (
				70E8AC8927B29C8E00ABBAD1 /* Debug */,
				70E8AC8A27B29C8E00ABBAD1 /* Release */,
			);
			defaultConfigurationIsVisible = 0;
			defaultConfigurationName = Release;
		};
/* End XCConfigurationList section */

/* Begin XCVersionGroup section */
		70E8AC6127B29C8B00ABBAD1 /* Challenge2.xcdatamodeld */ = {
			isa = XCVersionGroup;
			children = (
				70E8AC6227B29C8B00ABBAD1 /* Challenge2.xcdatamodel */,
			);
			currentVersion = 70E8AC6227B29C8B00ABBAD1 /* Challenge2.xcdatamodel */;
			path = Challenge2.xcdatamodeld;
			sourceTree = "<group>";
			versionGroupType = wrapper.xcdatamodel;
		};
/* End XCVersionGroup section */
	};
	rootObject = 70E8AC4D27B29C8B00ABBAD1 /* Project object */;
}
